// !$*UTF8*$!
{
	archiveVersion = 1;
	classes = {
	};
	objectVersion = 77;
	objects = {

/* Begin PBXBuildFile section */
		6FC2886A2CEA410E00A454C6 /* Syphon.framework in Frameworks */ = {isa = PBXBuildFile; fileRef = 6FC288692CEA410E00A454C6 /* Syphon.framework */; };
		6FC2886B2CEA410E00A454C6 /* Syphon.framework in Embed Frameworks */ = {isa = PBXBuildFile; fileRef = 6FC288692CEA410E00A454C6 /* Syphon.framework */; settings = {ATTRIBUTES = (CodeSignOnCopy, RemoveHeadersOnCopy, ); }; };
/* End PBXBuildFile section */

/* Begin PBXContainerItemProxy section */
		6FC2884B2CEA407900A454C6 /* PBXContainerItemProxy */ = {
			isa = PBXContainerItemProxy;
			containerPortal = 6FC288312CEA407800A454C6 /* Project object */;
			proxyType = 1;
			remoteGlobalIDString = 6FC288382CEA407800A454C6;
			remoteInfo = SyphonImageServer;
		};
		6FC288552CEA407900A454C6 /* PBXContainerItemProxy */ = {
			isa = PBXContainerItemProxy;
			containerPortal = 6FC288312CEA407800A454C6 /* Project object */;
			proxyType = 1;
			remoteGlobalIDString = 6FC288382CEA407800A454C6;
			remoteInfo = SyphonImageServer;
		};
/* End PBXContainerItemProxy section */

/* Begin PBXCopyFilesBuildPhase section */
		6FC2886C2CEA410F00A454C6 /* Embed Frameworks */ = {
			isa = PBXCopyFilesBuildPhase;
			buildActionMask = 2147483647;
			dstPath = "";
			dstSubfolderSpec = 10;
			files = (
				6FC2886B2CEA410E00A454C6 /* Syphon.framework in Embed Frameworks */,
			);
			name = "Embed Frameworks";
			runOnlyForDeploymentPostprocessing = 0;
		};
/* End PBXCopyFilesBuildPhase section */

/* Begin PBXFileReference section */
		6FC288392CEA407800A454C6 /* SyphonImageServer.app */ = {isa = PBXFileReference; explicitFileType = wrapper.application; includeInIndex = 0; path = SyphonImageServer.app; sourceTree = BUILT_PRODUCTS_DIR; };
		6FC2884A2CEA407900A454C6 /* SyphonImageServerTests.xctest */ = {isa = PBXFileReference; explicitFileType = wrapper.cfbundle; includeInIndex = 0; path = SyphonImageServerTests.xctest; sourceTree = BUILT_PRODUCTS_DIR; };
		6FC288542CEA407900A454C6 /* SyphonImageServerUITests.xctest */ = {isa = PBXFileReference; explicitFileType = wrapper.cfbundle; includeInIndex = 0; path = SyphonImageServerUITests.xctest; sourceTree = BUILT_PRODUCTS_DIR; };
		6FC288672CEA40A500A454C6 /* Syphon-Bridging-Header.h */ = {isa = PBXFileReference; lastKnownFileType = sourcecode.c.h; path = "Syphon-Bridging-Header.h"; sourceTree = "<group>"; };
		6FC288692CEA410E00A454C6 /* Syphon.framework */ = {isa = PBXFileReference; explicitFileType = wrapper.framework; path = Syphon.framework; sourceTree = BUILT_PRODUCTS_DIR; };
/* End PBXFileReference section */

/* Begin PBXFileSystemSynchronizedRootGroup section */
		6FC2883B2CEA407800A454C6 /* SyphonImageServer */ = {
			isa = PBXFileSystemSynchronizedRootGroup;
			path = SyphonImageServer;
			sourceTree = "<group>";
		};
		6FC2884D2CEA407900A454C6 /* SyphonImageServerTests */ = {
			isa = PBXFileSystemSynchronizedRootGroup;
			path = SyphonImageServerTests;
			sourceTree = "<group>";
		};
		6FC288572CEA407900A454C6 /* SyphonImageServerUITests */ = {
			isa = PBXFileSystemSynchronizedRootGroup;
			path = SyphonImageServerUITests;
			sourceTree = "<group>";
		};
/* End PBXFileSystemSynchronizedRootGroup section */

/* Begin PBXFrameworksBuildPhase section */
		6FC288362CEA407800A454C6 /* Frameworks */ = {
			isa = PBXFrameworksBuildPhase;
			buildActionMask = 2147483647;
			files = (
				6FC2886A2CEA410E00A454C6 /* Syphon.framework in Frameworks */,
			);
			runOnlyForDeploymentPostprocessing = 0;
		};
		6FC288472CEA407900A454C6 /* Frameworks */ = {
			isa = PBXFrameworksBuildPhase;
			buildActionMask = 2147483647;
			files = (
			);
			runOnlyForDeploymentPostprocessing = 0;
		};
		6FC288512CEA407900A454C6 /* Frameworks */ = {
			isa = PBXFrameworksBuildPhase;
			buildActionMask = 2147483647;
			files = (
			);
			runOnlyForDeploymentPostprocessing = 0;
		};
/* End PBXFrameworksBuildPhase section */

/* Begin PBXGroup section */
		6FC288302CEA407800A454C6 = {
			isa = PBXGroup;
			children = (
				6FC288672CEA40A500A454C6 /* Syphon-Bridging-Header.h */,
				6FC2883B2CEA407800A454C6 /* SyphonImageServer */,
				6FC2884D2CEA407900A454C6 /* SyphonImageServerTests */,
				6FC288572CEA407900A454C6 /* SyphonImageServerUITests */,
				6FC288682CEA410E00A454C6 /* Frameworks */,
				6FC2883A2CEA407800A454C6 /* Products */,
			);
			sourceTree = "<group>";
		};
		6FC2883A2CEA407800A454C6 /* Products */ = {
			isa = PBXGroup;
			children = (
				6FC288392CEA407800A454C6 /* SyphonImageServer.app */,
				6FC2884A2CEA407900A454C6 /* SyphonImageServerTests.xctest */,
				6FC288542CEA407900A454C6 /* SyphonImageServerUITests.xctest */,
			);
			name = Products;
			sourceTree = "<group>";
		};
		6FC288682CEA410E00A454C6 /* Frameworks */ = {
			isa = PBXGroup;
			children = (
				6FC288692CEA410E00A454C6 /* Syphon.framework */,
			);
			name = Frameworks;
			sourceTree = "<group>";
		};
/* End PBXGroup section */

/* Begin PBXNativeTarget section */
		6FC288382CEA407800A454C6 /* SyphonImageServer */ = {
			isa = PBXNativeTarget;
			buildConfigurationList = 6FC2885E2CEA407900A454C6 /* Build configuration list for PBXNativeTarget "SyphonImageServer" */;
			buildPhases = (
				6FC288352CEA407800A454C6 /* Sources */,
				6FC288362CEA407800A454C6 /* Frameworks */,
				6FC288372CEA407800A454C6 /* Resources */,
				6FC2886C2CEA410F00A454C6 /* Embed Frameworks */,
			);
			buildRules = (
			);
			dependencies = (
			);
			fileSystemSynchronizedGroups = (
				6FC2883B2CEA407800A454C6 /* SyphonImageServer */,
			);
			name = SyphonImageServer;
			packageProductDependencies = (
			);
			productName = SyphonImageServer;
			productReference = 6FC288392CEA407800A454C6 /* SyphonImageServer.app */;
			productType = "com.apple.product-type.application";
		};
		6FC288492CEA407900A454C6 /* SyphonImageServerTests */ = {
			isa = PBXNativeTarget;
			buildConfigurationList = 6FC288612CEA407900A454C6 /* Build configuration list for PBXNativeTarget "SyphonImageServerTests" */;
			buildPhases = (
				6FC288462CEA407900A454C6 /* Sources */,
				6FC288472CEA407900A454C6 /* Frameworks */,
				6FC288482CEA407900A454C6 /* Resources */,
			);
			buildRules = (
			);
			dependencies = (
				6FC2884C2CEA407900A454C6 /* PBXTargetDependency */,
			);
			fileSystemSynchronizedGroups = (
				6FC2884D2CEA407900A454C6 /* SyphonImageServerTests */,
			);
			name = SyphonImageServerTests;
			packageProductDependencies = (
			);
			productName = SyphonImageServerTests;
			productReference = 6FC2884A2CEA407900A454C6 /* SyphonImageServerTests.xctest */;
			productType = "com.apple.product-type.bundle.unit-test";
		};
		6FC288532CEA407900A454C6 /* SyphonImageServerUITests */ = {
			isa = PBXNativeTarget;
			buildConfigurationList = 6FC288642CEA407900A454C6 /* Build configuration list for PBXNativeTarget "SyphonImageServerUITests" */;
			buildPhases = (
				6FC288502CEA407900A454C6 /* Sources */,
				6FC288512CEA407900A454C6 /* Frameworks */,
				6FC288522CEA407900A454C6 /* Resources */,
			);
			buildRules = (
			);
			dependencies = (
				6FC288562CEA407900A454C6 /* PBXTargetDependency */,
			);
			fileSystemSynchronizedGroups = (
				6FC288572CEA407900A454C6 /* SyphonImageServerUITests */,
			);
			name = SyphonImageServerUITests;
			packageProductDependencies = (
			);
			productName = SyphonImageServerUITests;
			productReference = 6FC288542CEA407900A454C6 /* SyphonImageServerUITests.xctest */;
			productType = "com.apple.product-type.bundle.ui-testing";
		};
/* End PBXNativeTarget section */

/* Begin PBXProject section */
		6FC288312CEA407800A454C6 /* Project object */ = {
			isa = PBXProject;
			attributes = {
				BuildIndependentTargetsInParallel = 1;
				LastSwiftUpdateCheck = 1610;
				LastUpgradeCheck = 1610;
				TargetAttributes = {
					6FC288382CEA407800A454C6 = {
						CreatedOnToolsVersion = 16.1;
					};
					6FC288492CEA407900A454C6 = {
						CreatedOnToolsVersion = 16.1;
						TestTargetID = 6FC288382CEA407800A454C6;
					};
					6FC288532CEA407900A454C6 = {
						CreatedOnToolsVersion = 16.1;
						TestTargetID = 6FC288382CEA407800A454C6;
					};
				};
			};
			buildConfigurationList = 6FC288342CEA407800A454C6 /* Build configuration list for PBXProject "SyphonImageServer" */;
			developmentRegion = en;
			hasScannedForEncodings = 0;
			knownRegions = (
				en,
				Base,
			);
			mainGroup = 6FC288302CEA407800A454C6;
			minimizedProjectReferenceProxies = 1;
			preferredProjectObjectVersion = 77;
			productRefGroup = 6FC2883A2CEA407800A454C6 /* Products */;
			projectDirPath = "";
			projectRoot = "";
			targets = (
				6FC288382CEA407800A454C6 /* SyphonImageServer */,
				6FC288492CEA407900A454C6 /* SyphonImageServerTests */,
				6FC288532CEA407900A454C6 /* SyphonImageServerUITests */,
			);
		};
/* End PBXProject section */

/* Begin PBXResourcesBuildPhase section */
		6FC288372CEA407800A454C6 /* Resources */ = {
			isa = PBXResourcesBuildPhase;
			buildActionMask = 2147483647;
			files = (
			);
			runOnlyForDeploymentPostprocessing = 0;
		};
		6FC288482CEA407900A454C6 /* Resources */ = {
			isa = PBXResourcesBuildPhase;
			buildActionMask = 2147483647;
			files = (
			);
			runOnlyForDeploymentPostprocessing = 0;
		};
		6FC288522CEA407900A454C6 /* Resources */ = {
			isa = PBXResourcesBuildPhase;
			buildActionMask = 2147483647;
			files = (
			);
			runOnlyForDeploymentPostprocessing = 0;
		};
/* End PBXResourcesBuildPhase section */

/* Begin PBXSourcesBuildPhase section */
		6FC288352CEA407800A454C6 /* Sources */ = {
			isa = PBXSourcesBuildPhase;
			buildActionMask = 2147483647;
			files = (
			);
			runOnlyForDeploymentPostprocessing = 0;
		};
		6FC288462CEA407900A454C6 /* Sources */ = {
			isa = PBXSourcesBuildPhase;
			buildActionMask = 2147483647;
			files = (
			);
			runOnlyForDeploymentPostprocessing = 0;
		};
		6FC288502CEA407900A454C6 /* Sources */ = {
			isa = PBXSourcesBuildPhase;
			buildActionMask = 2147483647;
			files = (
			);
			runOnlyForDeploymentPostprocessing = 0;
		};
/* End PBXSourcesBuildPhase section */

/* Begin PBXTargetDependency section */
		6FC2884C2CEA407900A454C6 /* PBXTargetDependency */ = {
			isa = PBXTargetDependency;
			target = 6FC288382CEA407800A454C6 /* SyphonImageServer */;
			targetProxy = 6FC2884B2CEA407900A454C6 /* PBXContainerItemProxy */;
		};
		6FC288562CEA407900A454C6 /* PBXTargetDependency */ = {
			isa = PBXTargetDependency;
			target = 6FC288382CEA407800A454C6 /* SyphonImageServer */;
			targetProxy = 6FC288552CEA407900A454C6 /* PBXContainerItemProxy */;
		};
/* End PBXTargetDependency section */

/* Begin XCBuildConfiguration section */
		6FC2885C2CEA407900A454C6 /* Debug */ = {
			isa = XCBuildConfiguration;
			buildSettings = {
				ALWAYS_SEARCH_USER_PATHS = NO;
				ASSETCATALOG_COMPILER_GENERATE_SWIFT_ASSET_SYMBOL_EXTENSIONS = YES;
				CLANG_ANALYZER_NONNULL = YES;
				CLANG_ANALYZER_NUMBER_OBJECT_CONVERSION = YES_AGGRESSIVE;
				CLANG_CXX_LANGUAGE_STANDARD = "gnu++20";
				CLANG_ENABLE_MODULES = YES;
				CLANG_ENABLE_OBJC_ARC = YES;
				CLANG_ENABLE_OBJC_WEAK = YES;
				CLANG_WARN_BLOCK_CAPTURE_AUTORELEASING = YES;
				CLANG_WARN_BOOL_CONVERSION = YES;
				CLANG_WARN_COMMA = YES;
				CLANG_WARN_CONSTANT_CONVERSION = YES;
				CLANG_WARN_DEPRECATED_OBJC_IMPLEMENTATIONS = YES;
				CLANG_WARN_DIRECT_OBJC_ISA_USAGE = YES_ERROR;
				CLANG_WARN_DOCUMENTATION_COMMENTS = YES;
				CLANG_WARN_EMPTY_BODY = YES;
				CLANG_WARN_ENUM_CONVERSION = YES;
				CLANG_WARN_INFINITE_RECURSION = YES;
				CLANG_WARN_INT_CONVERSION = YES;
				CLANG_WARN_NON_LITERAL_NULL_CONVERSION = YES;
				CLANG_WARN_OBJC_IMPLICIT_RETAIN_SELF = YES;
				CLANG_WARN_OBJC_LITERAL_CONVERSION = YES;
				CLANG_WARN_OBJC_ROOT_CLASS = YES_ERROR;
				CLANG_WARN_QUOTED_INCLUDE_IN_FRAMEWORK_HEADER = YES;
				CLANG_WARN_RANGE_LOOP_ANALYSIS = YES;
				CLANG_WARN_STRICT_PROTOTYPES = YES;
				CLANG_WARN_SUSPICIOUS_MOVE = YES;
				CLANG_WARN_UNGUARDED_AVAILABILITY = YES_AGGRESSIVE;
				CLANG_WARN_UNREACHABLE_CODE = YES;
				CLANG_WARN__DUPLICATE_METHOD_MATCH = YES;
				COPY_PHASE_STRIP = NO;
				DEBUG_INFORMATION_FORMAT = dwarf;
				ENABLE_STRICT_OBJC_MSGSEND = YES;
				ENABLE_TESTABILITY = YES;
				ENABLE_USER_SCRIPT_SANDBOXING = YES;
				GCC_C_LANGUAGE_STANDARD = gnu17;
				GCC_DYNAMIC_NO_PIC = NO;
				GCC_NO_COMMON_BLOCKS = YES;
				GCC_OPTIMIZATION_LEVEL = 0;
				GCC_PREPROCESSOR_DEFINITIONS = (
					"DEBUG=1",
					"$(inherited)",
				);
				GCC_WARN_64_TO_32_BIT_CONVERSION = YES;
				GCC_WARN_ABOUT_RETURN_TYPE = YES_ERROR;
				GCC_WARN_UNDECLARED_SELECTOR = YES;
				GCC_WARN_UNINITIALIZED_AUTOS = YES_AGGRESSIVE;
				GCC_WARN_UNUSED_FUNCTION = YES;
				GCC_WARN_UNUSED_VARIABLE = YES;
				LOCALIZATION_PREFERS_STRING_CATALOGS = YES;
				MACOSX_DEPLOYMENT_TARGET = 14.6;
				MTL_ENABLE_DEBUG_INFO = INCLUDE_SOURCE;
				MTL_FAST_MATH = YES;
				ONLY_ACTIVE_ARCH = YES;
				SDKROOT = macosx;
				SWIFT_ACTIVE_COMPILATION_CONDITIONS = "DEBUG $(inherited)";
				SWIFT_OBJC_BRIDGING_HEADER = "$(SRCROOT)/Syphon-Bridging-Header.h";
				SWIFT_OPTIMIZATION_LEVEL = "-Onone";
			};
			name = Debug;
		};
		6FC2885D2CEA407900A454C6 /* Release */ = {
			isa = XCBuildConfiguration;
			buildSettings = {
				ALWAYS_SEARCH_USER_PATHS = NO;
				ASSETCATALOG_COMPILER_GENERATE_SWIFT_ASSET_SYMBOL_EXTENSIONS = YES;
				CLANG_ANALYZER_NONNULL = YES;
				CLANG_ANALYZER_NUMBER_OBJECT_CONVERSION = YES_AGGRESSIVE;
				CLANG_CXX_LANGUAGE_STANDARD = "gnu++20";
				CLANG_ENABLE_MODULES = YES;
				CLANG_ENABLE_OBJC_ARC = YES;
				CLANG_ENABLE_OBJC_WEAK = YES;
				CLANG_WARN_BLOCK_CAPTURE_AUTORELEASING = YES;
				CLANG_WARN_BOOL_CONVERSION = YES;
				CLANG_WARN_COMMA = YES;
				CLANG_WARN_CONSTANT_CONVERSION = YES;
				CLANG_WARN_DEPRECATED_OBJC_IMPLEMENTATIONS = YES;
				CLANG_WARN_DIRECT_OBJC_ISA_USAGE = YES_ERROR;
				CLANG_WARN_DOCUMENTATION_COMMENTS = YES;
				CLANG_WARN_EMPTY_BODY = YES;
				CLANG_WARN_ENUM_CONVERSION = YES;
				CLANG_WARN_INFINITE_RECURSION = YES;
				CLANG_WARN_INT_CONVERSION = YES;
				CLANG_WARN_NON_LITERAL_NULL_CONVERSION = YES;
				CLANG_WARN_OBJC_IMPLICIT_RETAIN_SELF = YES;
				CLANG_WARN_OBJC_LITERAL_CONVERSION = YES;
				CLANG_WARN_OBJC_ROOT_CLASS = YES_ERROR;
				CLANG_WARN_QUOTED_INCLUDE_IN_FRAMEWORK_HEADER = YES;
				CLANG_WARN_RANGE_LOOP_ANALYSIS = YES;
				CLANG_WARN_STRICT_PROTOTYPES = YES;
				CLANG_WARN_SUSPICIOUS_MOVE = YES;
				CLANG_WARN_UNGUARDED_AVAILABILITY = YES_AGGRESSIVE;
				CLANG_WARN_UNREACHABLE_CODE = YES;
				CLANG_WARN__DUPLICATE_METHOD_MATCH = YES;
				COPY_PHASE_STRIP = NO;
				DEBUG_INFORMATION_FORMAT = "dwarf-with-dsym";
				ENABLE_NS_ASSERTIONS = NO;
				ENABLE_STRICT_OBJC_MSGSEND = YES;
				ENABLE_USER_SCRIPT_SANDBOXING = YES;
				GCC_C_LANGUAGE_STANDARD = gnu17;
				GCC_NO_COMMON_BLOCKS = YES;
				GCC_WARN_64_TO_32_BIT_CONVERSION = YES;
				GCC_WARN_ABOUT_RETURN_TYPE = YES_ERROR;
				GCC_WARN_UNDECLARED_SELECTOR = YES;
				GCC_WARN_UNINITIALIZED_AUTOS = YES_AGGRESSIVE;
				GCC_WARN_UNUSED_FUNCTION = YES;
				GCC_WARN_UNUSED_VARIABLE = YES;
				LOCALIZATION_PREFERS_STRING_CATALOGS = YES;
				MACOSX_DEPLOYMENT_TARGET = 14.6;
				MTL_ENABLE_DEBUG_INFO = NO;
				MTL_FAST_MATH = YES;
				SDKROOT = macosx;
				SWIFT_COMPILATION_MODE = wholemodule;
				SWIFT_OBJC_BRIDGING_HEADER = "$(SRCROOT)/Syphon-Bridging-Header.h";
			};
			name = Release;
		};
		6FC2885F2CEA407900A454C6 /* Debug */ = {
			isa = XCBuildConfiguration;
			buildSettings = {
				ASSETCATALOG_COMPILER_APPICON_NAME = AppIcon;
				ASSETCATALOG_COMPILER_GLOBAL_ACCENT_COLOR_NAME = AccentColor;
				CODE_SIGN_ENTITLEMENTS = SyphonImageServer/SyphonImageServer.entitlements;
				CODE_SIGN_STYLE = Automatic;
				COMBINE_HIDPI_IMAGES = YES;
				CURRENT_PROJECT_VERSION = 1;
				DEVELOPMENT_ASSET_PATHS = "\"SyphonImageServer/Preview Content\"";
				DEVELOPMENT_TEAM = AV53Z2FZ3N;
				ENABLE_HARDENED_RUNTIME = NO;
				ENABLE_PREVIEWS = YES;
				GCC_PREPROCESSOR_DEFINITIONS = (
					"$(inherited)",
					GL_SILENCE_DEPRECATION,
				);
				GENERATE_INFOPLIST_FILE = YES;
				INFOPLIST_KEY_NSHumanReadableCopyright = "";
				LD_RUNPATH_SEARCH_PATHS = (
					"$(inherited)",
					"@executable_path/../Frameworks",
				);
				MARKETING_VERSION = 1.0;
				PRODUCT_BUNDLE_IDENTIFIER = ch.harris.SyphonImageServer;
				PRODUCT_NAME = "$(TARGET_NAME)";
				SWIFT_EMIT_LOC_STRINGS = YES;
				SWIFT_VERSION = 5.0;
			};
			name = Debug;
		};
		6FC288602CEA407900A454C6 /* Release */ = {
			isa = XCBuildConfiguration;
			buildSettings = {
				ASSETCATALOG_COMPILER_APPICON_NAME = AppIcon;
				ASSETCATALOG_COMPILER_GLOBAL_ACCENT_COLOR_NAME = AccentColor;
				CODE_SIGN_ENTITLEMENTS = SyphonImageServer/SyphonImageServer.entitlements;
				CODE_SIGN_STYLE = Automatic;
				COMBINE_HIDPI_IMAGES = YES;
				CURRENT_PROJECT_VERSION = 1;
				DEVELOPMENT_ASSET_PATHS = "\"SyphonImageServer/Preview Content\"";
				DEVELOPMENT_TEAM = AV53Z2FZ3N;
				ENABLE_HARDENED_RUNTIME = NO;
				ENABLE_PREVIEWS = YES;
				GCC_PREPROCESSOR_DEFINITIONS = GL_SILENCE_DEPRECATION;
				GENERATE_INFOPLIST_FILE = YES;
				INFOPLIST_KEY_NSHumanReadableCopyright = "";
				LD_RUNPATH_SEARCH_PATHS = (
					"$(inherited)",
					"@executable_path/../Frameworks",
				);
				MARKETING_VERSION = 1.0;
				PRODUCT_BUNDLE_IDENTIFIER = ch.harris.SyphonImageServer;
				PRODUCT_NAME = "$(TARGET_NAME)";
				SWIFT_EMIT_LOC_STRINGS = YES;
				SWIFT_VERSION = 5.0;
			};
			name = Release;
		};
		6FC288622CEA407900A454C6 /* Debug */ = {
			isa = XCBuildConfiguration;
			buildSettings = {
				BUNDLE_LOADER = "$(TEST_HOST)";
				CODE_SIGN_STYLE = Automatic;
				CURRENT_PROJECT_VERSION = 1;
				DEVELOPMENT_TEAM = AV53Z2FZ3N;
				GENERATE_INFOPLIST_FILE = YES;
				MACOSX_DEPLOYMENT_TARGET = 14.6;
				MARKETING_VERSION = 1.0;
				PRODUCT_BUNDLE_IDENTIFIER = ch.harris.SyphonImageServerTests;
				PRODUCT_NAME = "$(TARGET_NAME)";
				SWIFT_EMIT_LOC_STRINGS = NO;
				SWIFT_VERSION = 5.0;
				TEST_HOST = "$(BUILT_PRODUCTS_DIR)/SyphonImageServer.app/$(BUNDLE_EXECUTABLE_FOLDER_PATH)/SyphonImageServer";
			};
			name = Debug;
		};
		6FC288632CEA407900A454C6 /* Release */ = {
			isa = XCBuildConfiguration;
			buildSettings = {
				BUNDLE_LOADER = "$(TEST_HOST)";
				CODE_SIGN_STYLE = Automatic;
				CURRENT_PROJECT_VERSION = 1;
				DEVELOPMENT_TEAM = AV53Z2FZ3N;
				GENERATE_INFOPLIST_FILE = YES;
				MACOSX_DEPLOYMENT_TARGET = 14.6;
				MARKETING_VERSION = 1.0;
				PRODUCT_BUNDLE_IDENTIFIER = ch.harris.SyphonImageServerTests;
				PRODUCT_NAME = "$(TARGET_NAME)";
				SWIFT_EMIT_LOC_STRINGS = NO;
				SWIFT_VERSION = 5.0;
				TEST_HOST = "$(BUILT_PRODUCTS_DIR)/SyphonImageServer.app/$(BUNDLE_EXECUTABLE_FOLDER_PATH)/SyphonImageServer";
			};
			name = Release;
		};
		6FC288652CEA407900A454C6 /* Debug */ = {
			isa = XCBuildConfiguration;
			buildSettings = {
				CODE_SIGN_STYLE = Automatic;
				CURRENT_PROJECT_VERSION = 1;
				DEVELOPMENT_TEAM = AV53Z2FZ3N;
				GENERATE_INFOPLIST_FILE = YES;
				MARKETING_VERSION = 1.0;
				PRODUCT_BUNDLE_IDENTIFIER = ch.harris.SyphonImageServerUITests;
				PRODUCT_NAME = "$(TARGET_NAME)";
				SWIFT_EMIT_LOC_STRINGS = NO;
				SWIFT_VERSION = 5.0;
				TEST_TARGET_NAME = SyphonImageServer;
			};
			name = Debug;
		};
		6FC288662CEA407900A454C6 /* Release */ = {
			isa = XCBuildConfiguration;
			buildSettings = {
				CODE_SIGN_STYLE = Automatic;
				CURRENT_PROJECT_VERSION = 1;
				DEVELOPMENT_TEAM = AV53Z2FZ3N;
				GENERATE_INFOPLIST_FILE = YES;
				MARKETING_VERSION = 1.0;
				PRODUCT_BUNDLE_IDENTIFIER = ch.harris.SyphonImageServerUITests;
				PRODUCT_NAME = "$(TARGET_NAME)";
				SWIFT_EMIT_LOC_STRINGS = NO;
				SWIFT_VERSION = 5.0;
				TEST_TARGET_NAME = SyphonImageServer;
			};
			name = Release;
		};
/* End XCBuildConfiguration section */

/* Begin XCConfigurationList section */
		6FC288342CEA407800A454C6 /* Build configuration list for PBXProject "SyphonImageServer" */ = {
			isa = XCConfigurationList;
			buildConfigurations = (
				6FC2885C2CEA407900A454C6 /* Debug */,
				6FC2885D2CEA407900A454C6 /* Release */,
			);
			defaultConfigurationIsVisible = 0;
			defaultConfigurationName = Release;
		};
		6FC2885E2CEA407900A454C6 /* Build configuration list for PBXNativeTarget "SyphonImageServer" */ = {
			isa = XCConfigurationList;
			buildConfigurations = (
				6FC2885F2CEA407900A454C6 /* Debug */,
				6FC288602CEA407900A454C6 /* Release */,
			);
			defaultConfigurationIsVisible = 0;
			defaultConfigurationName = Release;
		};
		6FC288612CEA407900A454C6 /* Build configuration list for PBXNativeTarget "SyphonImageServerTests" */ = {
			isa = XCConfigurationList;
			buildConfigurations = (
				6FC288622CEA407900A454C6 /* Debug */,
				6FC288632CEA407900A454C6 /* Release */,
			);
			defaultConfigurationIsVisible = 0;
			defaultConfigurationName = Release;
		};
		6FC288642CEA407900A454C6 /* Build configuration list for PBXNativeTarget "SyphonImageServerUITests" */ = {
			isa = XCConfigurationList;
			buildConfigurations = (
				6FC288652CEA407900A454C6 /* Debug */,
				6FC288662CEA407900A454C6 /* Release */,
			);
			defaultConfigurationIsVisible = 0;
			defaultConfigurationName = Release;
		};
/* End XCConfigurationList section */
	};
	rootObject = 6FC288312CEA407800A454C6 /* Project object */;
}
